
Microsoft Visual Studio Solution File, Format Version 12.00
# Visual Studio Version 17
VisualStudioVersion = 17.9.34607.119
MinimumVisualStudioVersion = 10.0.40219.1
Project("{FAE04EC0-301F-11D3-BF4B-00C04F79EFBC}") = "SortingAndSearchingKeeler", "SortingAndSearchingKeeler\SortingAndSearchingKeeler.csproj", "{2B05DFF0-3DDE-45AA-9521-B4E85DF439E5}"
EndProject
Global
	GlobalSection(SolutionConfigurationPlatforms) = preSolution
		Debug|Any CPU = Debug|Any CPU
		Release|Any CPU = Release|Any CPU
	EndGlobalSection
	GlobalSection(ProjectConfigurationPlatforms) = postSolution
		{2B05DFF0-3DDE-45AA-9521-B4E85DF439E5}.Debug|Any CPU.ActiveCfg = Debug|Any CPU
		{2B05DFF0-3DDE-45AA-9521-B4E85DF439E5}.Debug|Any CPU.Build.0 = Debug|Any CPU
		{2B05DFF0-3DDE-45AA-9521-B4E85DF439E5}.Release|Any CPU.ActiveCfg = Release|Any CPU
		{2B05DFF0-3DDE-45AA-9521-B4E85DF439E5}.Release|Any CPU.Build.0 = Release|Any CPU
	EndGlobalSection
	GlobalSection(SolutionProperties) = preSolution
		HideSolutionNode = FALSE
	EndGlobalSection
	GlobalSection(ExtensibilityGlobals) = postSolution
		SolutionGuid = {82208DAF-4ED5-483B-B2FC-4EA39B1DE1A8}
	EndGlobalSection
EndGlobal
